
Microsoft Visual Studio Solution File, Format Version 12.00
# Visual Studio Version 17
VisualStudioVersion = 17.3.32804.467
MinimumVisualStudioVersion = 10.0.40219.1
Project("{FAE04EC0-301F-11D3-BF4B-00C04F79EFBC}") = "QuestionOne", "QuestionOne\QuestionOne.csproj", "{7AB0AC5C-0883-4B7B-A3B7-2D3431E7D0B6}"
EndProject
Global
	GlobalSection(SolutionConfigurationPlatforms) = preSolution
		Debug|Any CPU = Debug|Any CPU
		Release|Any CPU = Release|Any CPU
	EndGlobalSection
	GlobalSection(ProjectConfigurationPlatforms) = postSolution
		{7AB0AC5C-0883-4B7B-A3B7-2D3431E7D0B6}.Debug|Any CPU.ActiveCfg = Debug|Any CPU
		{7AB0AC5C-0883-4B7B-A3B7-2D3431E7D0B6}.Debug|Any CPU.Build.0 = Debug|Any CPU
		{7AB0AC5C-0883-4B7B-A3B7-2D3431E7D0B6}.Release|Any CPU.ActiveCfg = Release|Any CPU
		{7AB0AC5C-0883-4B7B-A3B7-2D3431E7D0B6}.Release|Any CPU.Build.0 = Release|Any CPU
	EndGlobalSection
	GlobalSection(SolutionProperties) = preSolution
		HideSolutionNode = FALSE
	EndGlobalSection
	GlobalSection(ExtensibilityGlobals) = postSolution
		SolutionGuid = {C41A7488-A4D2-4C42-9CBE-58D3D6127C2C}
	EndGlobalSection
EndGlobal
